
Microsoft Visual Studio Solution File, Format Version 12.00
# Visual Studio Version 17
VisualStudioVersion = 17.2.32519.379
MinimumVisualStudioVersion = 10.0.40219.1
Project("{FAE04EC0-301F-11D3-BF4B-00C04F79EFBC}") = "P01AplikacjaOkienkowaWstep", "P01AplikacjaOkienkowaWstep\P01AplikacjaOkienkowaWstep.csproj", "{A0BD2F1C-521F-400D-8598-E929BE891B9E}"
EndProject
Project("{FAE04EC0-301F-11D3-BF4B-00C04F79EFBC}") = "P02ZadanieKalkulator", "P02ZadanieKalkulator\P02ZadanieKalkulator.csproj", "{73E074F3-A326-4168-A42D-283040742BCC}"
EndProject
Project("{FAE04EC0-301F-11D3-BF4B-00C04F79EFBC}") = "P03ZadaniePogoda", "P03ZadaniePogoda\P03ZadaniePogoda.csproj", "{0744A398-C4FF-4B97-885D-8671DF1FCED9}"
EndProject
Project("{FAE04EC0-301F-11D3-BF4B-00C04F79EFBC}") = "P04ZadanieZawodnicy", "P04ZadanieZawodnicy\P04ZadanieZawodnicy.csproj", "{2256E02F-CA40-467F-88C1-9FD7F9CCF3C0}"
EndProject
Project("{FAE04EC0-301F-11D3-BF4B-00C04F79EFBC}") = "P05KlasaCzesciowa", "P05KlasaCzesciowa\P05KlasaCzesciowa.csproj", "{9D130605-EF46-4C69-9F39-263CC4C02872}"
EndProject
Global
	GlobalSection(SolutionConfigurationPlatforms) = preSolution
		Debug|Any CPU = Debug|Any CPU
		Release|Any CPU = Release|Any CPU
	EndGlobalSection
	GlobalSection(ProjectConfigurationPlatforms) = postSolution
		{A0BD2F1C-521F-400D-8598-E929BE891B9E}.Debug|Any CPU.ActiveCfg = Debug|Any CPU
		{A0BD2F1C-521F-400D-8598-E929BE891B9E}.Debug|Any CPU.Build.0 = Debug|Any CPU
		{A0BD2F1C-521F-400D-8598-E929BE891B9E}.Release|Any CPU.ActiveCfg = Release|Any CPU
		{A0BD2F1C-521F-400D-8598-E929BE891B9E}.Release|Any CPU.Build.0 = Release|Any CPU
		{73E074F3-A326-4168-A42D-283040742BCC}.Debug|Any CPU.ActiveCfg = Debug|Any CPU
		{73E074F3-A326-4168-A42D-283040742BCC}.Debug|Any CPU.Build.0 = Debug|Any CPU
		{73E074F3-A326-4168-A42D-283040742BCC}.Release|Any CPU.ActiveCfg = Release|Any CPU
		{73E074F3-A326-4168-A42D-283040742BCC}.Release|Any CPU.Build.0 = Release|Any CPU
		{0744A398-C4FF-4B97-885D-8671DF1FCED9}.Debug|Any CPU.ActiveCfg = Debug|Any CPU
		{0744A398-C4FF-4B97-885D-8671DF1FCED9}.Debug|Any CPU.Build.0 = Debug|Any CPU
		{0744A398-C4FF-4B97-885D-8671DF1FCED9}.Release|Any CPU.ActiveCfg = Release|Any CPU
		{0744A398-C4FF-4B97-885D-8671DF1FCED9}.Release|Any CPU.Build.0 = Release|Any CPU
		{2256E02F-CA40-467F-88C1-9FD7F9CCF3C0}.Debug|Any CPU.ActiveCfg = Debug|Any CPU
		{2256E02F-CA40-467F-88C1-9FD7F9CCF3C0}.Debug|Any CPU.Build.0 = Debug|Any CPU
		{2256E02F-CA40-467F-88C1-9FD7F9CCF3C0}.Release|Any CPU.ActiveCfg = Release|Any CPU
		{2256E02F-CA40-467F-88C1-9FD7F9CCF3C0}.Release|Any CPU.Build.0 = Release|Any CPU
		{9D130605-EF46-4C69-9F39-263CC4C02872}.Debug|Any CPU.ActiveCfg = Debug|Any CPU
		{9D130605-EF46-4C69-9F39-263CC4C02872}.Debug|Any CPU.Build.0 = Debug|Any CPU
		{9D130605-EF46-4C69-9F39-263CC4C02872}.Release|Any CPU.ActiveCfg = Release|Any CPU
		{9D130605-EF46-4C69-9F39-263CC4C02872}.Release|Any CPU.Build.0 = Release|Any CPU
	EndGlobalSection
	GlobalSection(SolutionProperties) = preSolution
		HideSolutionNode = FALSE
	EndGlobalSection
	GlobalSection(ExtensibilityGlobals) = postSolution
		SolutionGuid = {7F621F67-11C2-4AFE-9D3E-B1344DE26649}
	EndGlobalSection
EndGlobal
